
Microsoft Visual Studio Solution File, Format Version 12.00
# Visual Studio Version 17
VisualStudioVersion = 17.0.31903.59
MinimumVisualStudioVersion = 10.0.40219.1
Project("{FAE04EC0-301F-11D3-BF4B-00C04F79EFBC}") = "CourseMapping.Domain", "CourseMapping.Domain\CourseMapping.Domain.csproj", "{1C4AC4ED-15C7-4095-B2FF-A04AE07BC252}"
EndProject
Project("{2150E333-8FDC-42A3-9474-1A3956D46DE8}") = "Tests", "Tests", "{4A866A79-7AD3-4B4F-87DD-EE8D737369FE}"
EndProject
Project("{FAE04EC0-301F-11D3-BF4B-00C04F79EFBC}") = "CourseMapping.Domain.Tests.UnitTests", "CourseMapping.Domain.Tests.UnitTests\CourseMapping.Domain.Tests.UnitTests.csproj", "{9130D16C-E4D0-40A0-9D7C-2D2A160F7F76}"
EndProject
Project("{FAE04EC0-301F-11D3-BF4B-00C04F79EFBC}") = "CourseMapping.Web", "CourseMapping.Web\CourseMapping.Web.csproj", "{FDF705CE-34EC-44A5-B9AD-74FB169F27F5}"
EndProject
Global
	GlobalSection(SolutionConfigurationPlatforms) = preSolution
		Debug|Any CPU = Debug|Any CPU
		Release|Any CPU = Release|Any CPU
	EndGlobalSection
	GlobalSection(ProjectConfigurationPlatforms) = postSolution
		{1C4AC4ED-15C7-4095-B2FF-A04AE07BC252}.Debug|Any CPU.ActiveCfg = Debug|Any CPU
		{1C4AC4ED-15C7-4095-B2FF-A04AE07BC252}.Debug|Any CPU.Build.0 = Debug|Any CPU
		{1C4AC4ED-15C7-4095-B2FF-A04AE07BC252}.Release|Any CPU.ActiveCfg = Release|Any CPU
		{1C4AC4ED-15C7-4095-B2FF-A04AE07BC252}.Release|Any CPU.Build.0 = Release|Any CPU
		{9130D16C-E4D0-40A0-9D7C-2D2A160F7F76}.Debug|Any CPU.ActiveCfg = Debug|Any CPU
		{9130D16C-E4D0-40A0-9D7C-2D2A160F7F76}.Debug|Any CPU.Build.0 = Debug|Any CPU
		{9130D16C-E4D0-40A0-9D7C-2D2A160F7F76}.Release|Any CPU.ActiveCfg = Release|Any CPU
		{9130D16C-E4D0-40A0-9D7C-2D2A160F7F76}.Release|Any CPU.Build.0 = Release|Any CPU
		{FDF705CE-34EC-44A5-B9AD-74FB169F27F5}.Debug|Any CPU.ActiveCfg = Debug|Any CPU
		{FDF705CE-34EC-44A5-B9AD-74FB169F27F5}.Debug|Any CPU.Build.0 = Debug|Any CPU
		{FDF705CE-34EC-44A5-B9AD-74FB169F27F5}.Release|Any CPU.ActiveCfg = Release|Any CPU
		{FDF705CE-34EC-44A5-B9AD-74FB169F27F5}.Release|Any CPU.Build.0 = Release|Any CPU
	EndGlobalSection
	GlobalSection(SolutionProperties) = preSolution
		HideSolutionNode = FALSE
	EndGlobalSection
	GlobalSection(NestedProjects) = preSolution
		{9130D16C-E4D0-40A0-9D7C-2D2A160F7F76} = {4A866A79-7AD3-4B4F-87DD-EE8D737369FE}
	EndGlobalSection
EndGlobal
